
Microsoft Visual Studio Solution File, Format Version 12.00
# Visual Studio 2012
Project("{FAE04EC0-301F-11D3-BF4B-00C04F79EFBC}") = "TaokeThief", "TaokeThief\TaokeThief.csproj", "{8ACB1483-8276-4224-93E1-6589124A782A}"
EndProject
Project("{FAE04EC0-301F-11D3-BF4B-00C04F79EFBC}") = "TaokeDownload", "TaokeDownload\TaokeDownload.csproj", "{CA7C8512-ED8F-489A-A0D7-9220AA300BDB}"
EndProject
Project("{FAE04EC0-301F-11D3-BF4B-00C04F79EFBC}") = "SplitFile", "SplitFile\SplitFile.csproj", "{C3150271-CD07-40EB-91E7-C18E85CDD799}"
EndProject
Global
	GlobalSection(SolutionConfigurationPlatforms) = preSolution
		Debug|Any CPU = Debug|Any CPU
		Release|Any CPU = Release|Any CPU
	EndGlobalSection
	GlobalSection(ProjectConfigurationPlatforms) = postSolution
		{8ACB1483-8276-4224-93E1-6589124A782A}.Debug|Any CPU.ActiveCfg = Debug|Any CPU
		{8ACB1483-8276-4224-93E1-6589124A782A}.Debug|Any CPU.Build.0 = Debug|Any CPU
		{8ACB1483-8276-4224-93E1-6589124A782A}.Release|Any CPU.ActiveCfg = Release|Any CPU
		{8ACB1483-8276-4224-93E1-6589124A782A}.Release|Any CPU.Build.0 = Release|Any CPU
		{CA7C8512-ED8F-489A-A0D7-9220AA300BDB}.Debug|Any CPU.ActiveCfg = Debug|Any CPU
		{CA7C8512-ED8F-489A-A0D7-9220AA300BDB}.Debug|Any CPU.Build.0 = Debug|Any CPU
		{CA7C8512-ED8F-489A-A0D7-9220AA300BDB}.Release|Any CPU.ActiveCfg = Release|Any CPU
		{CA7C8512-ED8F-489A-A0D7-9220AA300BDB}.Release|Any CPU.Build.0 = Release|Any CPU
		{C3150271-CD07-40EB-91E7-C18E85CDD799}.Debug|Any CPU.ActiveCfg = Debug|Any CPU
		{C3150271-CD07-40EB-91E7-C18E85CDD799}.Debug|Any CPU.Build.0 = Debug|Any CPU
		{C3150271-CD07-40EB-91E7-C18E85CDD799}.Release|Any CPU.ActiveCfg = Release|Any CPU
		{C3150271-CD07-40EB-91E7-C18E85CDD799}.Release|Any CPU.Build.0 = Release|Any CPU
	EndGlobalSection
	GlobalSection(SolutionProperties) = preSolution
		HideSolutionNode = FALSE
	EndGlobalSection
EndGlobal
